
Microsoft Visual Studio Solution File, Format Version 12.00
# Visual Studio Version 16
VisualStudioVersion = 16.0.31424.327
MinimumVisualStudioVersion = 10.0.40219.1
Project("{FAE04EC0-301F-11D3-BF4B-00C04F79EFBC}") = "CRUD WindowsForms ADO.NET + SQL Server", "CRUD WindowsForms ADO.NET + SQL Server.csproj", "{63F0CB52-1EFD-4424-97DA-518BC92BB488}"
EndProject
Global
	GlobalSection(SolutionConfigurationPlatforms) = preSolution
		Debug|Any CPU = Debug|Any CPU
		Release|Any CPU = Release|Any CPU
	EndGlobalSection
	GlobalSection(ProjectConfigurationPlatforms) = postSolution
		{63F0CB52-1EFD-4424-97DA-518BC92BB488}.Debug|Any CPU.ActiveCfg = Debug|Any CPU
		{63F0CB52-1EFD-4424-97DA-518BC92BB488}.Debug|Any CPU.Build.0 = Debug|Any CPU
		{63F0CB52-1EFD-4424-97DA-518BC92BB488}.Release|Any CPU.ActiveCfg = Release|Any CPU
		{63F0CB52-1EFD-4424-97DA-518BC92BB488}.Release|Any CPU.Build.0 = Release|Any CPU
	EndGlobalSection
	GlobalSection(SolutionProperties) = preSolution
		HideSolutionNode = FALSE
	EndGlobalSection
	GlobalSection(ExtensibilityGlobals) = postSolution
		SolutionGuid = {D5C0E225-F426-4E2E-90CB-FA4637CC76C5}
	EndGlobalSection
EndGlobal
